
Microsoft Visual Studio Solution File, Format Version 12.00
# Visual Studio 15
VisualStudioVersion = 15.0.27004.2006
MinimumVisualStudioVersion = 10.0.40219.1
Project("{FAE04EC0-301F-11D3-BF4B-00C04F79EFBC}") = "NetStatus.Android", "NetStatus\NetStatus.Android\NetStatus.Android.csproj", "{CF676F54-06E2-479C-A69B-6F2C45FDB351}"
EndProject
Project("{FAE04EC0-301F-11D3-BF4B-00C04F79EFBC}") = "NetStatus", "NetStatus\NetStatus\NetStatus.csproj", "{341CB0A1-8A92-4FD3-B9BF-FF7680BE89AA}"
EndProject
Project("{FAE04EC0-301F-11D3-BF4B-00C04F79EFBC}") = "NetStatus.UWP", "NetStatus\NetStatus.UWP\NetStatus.UWP.csproj", "{E078CF45-3EC8-470D-98CB-41879DE1719A}"
EndProject
Project("{FAE04EC0-301F-11D3-BF4B-00C04F79EFBC}") = "NetStatus.iOS", "NetStatus\NetStatus.iOS\NetStatus.iOS.csproj", "{3D881D31-009E-4F61-91E9-CDA7AA8AC7B2}"
EndProject
Global
	GlobalSection(SolutionConfigurationPlatforms) = preSolution
		Ad-Hoc|Any CPU = Ad-Hoc|Any CPU
		Ad-Hoc|ARM = Ad-Hoc|ARM
		Ad-Hoc|iPhone = Ad-Hoc|iPhone
		Ad-Hoc|iPhoneSimulator = Ad-Hoc|iPhoneSimulator
		Ad-Hoc|x64 = Ad-Hoc|x64
		Ad-Hoc|x86 = Ad-Hoc|x86
		AppStore|Any CPU = AppStore|Any CPU
		AppStore|ARM = AppStore|ARM
		AppStore|iPhone = AppStore|iPhone
		AppStore|iPhoneSimulator = AppStore|iPhoneSimulator
		AppStore|x64 = AppStore|x64
		AppStore|x86 = AppStore|x86
		Debug|Any CPU = Debug|Any CPU
		Debug|ARM = Debug|ARM
		Debug|iPhone = Debug|iPhone
		Debug|iPhoneSimulator = Debug|iPhoneSimulator
		Debug|x64 = Debug|x64
		Debug|x86 = Debug|x86
		Release|Any CPU = Release|Any CPU
		Release|ARM = Release|ARM
		Release|iPhone = Release|iPhone
		Release|iPhoneSimulator = Release|iPhoneSimulator
		Release|x64 = Release|x64
		Release|x86 = Release|x86
	EndGlobalSection
	GlobalSection(ProjectConfigurationPlatforms) = postSolution
		{CF676F54-06E2-479C-A69B-6F2C45FDB351}.Ad-Hoc|Any CPU.ActiveCfg = Release|Any CPU
		{CF676F54-06E2-479C-A69B-6F2C45FDB351}.Ad-Hoc|Any CPU.Build.0 = Release|Any CPU
		{CF676F54-06E2-479C-A69B-6F2C45FDB351}.Ad-Hoc|Any CPU.Deploy.0 = Release|Any CPU
		{CF676F54-06E2-479C-A69B-6F2C45FDB351}.Ad-Hoc|ARM.ActiveCfg = Release|Any CPU
		{CF676F54-06E2-479C-A69B-6F2C45FDB351}.Ad-Hoc|ARM.Build.0 = Release|Any CPU
		{CF676F54-06E2-479C-A69B-6F2C45FDB351}.Ad-Hoc|ARM.Deploy.0 = Release|Any CPU
		{CF676F54-06E2-479C-A69B-6F2C45FDB351}.Ad-Hoc|iPhone.ActiveCfg = Release|Any CPU
		{CF676F54-06E2-479C-A69B-6F2C45FDB351}.Ad-Hoc|iPhone.Build.0 = Release|Any CPU
		{CF676F54-06E2-479C-A69B-6F2C45FDB351}.Ad-Hoc|iPhone.Deploy.0 = Release|Any CPU
		{CF676F54-06E2-479C-A69B-6F2C45FDB351}.Ad-Hoc|iPhoneSimulator.ActiveCfg = Release|Any CPU
		{CF676F54-06E2-479C-A69B-6F2C45FDB351}.Ad-Hoc|iPhoneSimulator.Build.0 = Release|Any CPU
		{CF676F54-06E2-479C-A69B-6F2C45FDB351}.Ad-Hoc|iPhoneSimulator.Deploy.0 = Release|Any CPU
		{CF676F54-06E2-479C-A69B-6F2C45FDB351}.Ad-Hoc|x64.ActiveCfg = Release|Any CPU
		{CF676F54-06E2-479C-A69B-6F2C45FDB351}.Ad-Hoc|x64.Build.0 = Release|Any CPU
		{CF676F54-06E2-479C-A69B-6F2C45FDB351}.Ad-Hoc|x64.Deploy.0 = Release|Any CPU
		{CF676F54-06E2-479C-A69B-6F2C45FDB351}.Ad-Hoc|x86.ActiveCfg = Release|Any CPU
		{CF676F54-06E2-479C-A69B-6F2C45FDB351}.Ad-Hoc|x86.Build.0 = Release|Any CPU
		{CF676F54-06E2-479C-A69B-6F2C45FDB351}.Ad-Hoc|x86.Deploy.0 = Release|Any CPU
		{CF676F54-06E2-479C-A69B-6F2C45FDB351}.AppStore|Any CPU.ActiveCfg = Release|Any CPU
		{CF676F54-06E2-479C-A69B-6F2C45FDB351}.AppStore|Any CPU.Build.0 = Release|Any CPU
		{CF676F54-06E2-479C-A69B-6F2C45FDB351}.AppStore|Any CPU.Deploy.0 = Release|Any CPU
		{CF676F54-06E2-479C-A69B-6F2C45FDB351}.AppStore|ARM.ActiveCfg = Release|Any CPU
		{CF676F54-06E2-479C-A69B-6F2C45FDB351}.AppStore|ARM.Build.0 = Release|Any CPU
		{CF676F54-06E2-479C-A69B-6F2C45FDB351}.AppStore|ARM.Deploy.0 = Release|Any CPU
		{CF676F54-06E2-479C-A69B-6F2C45FDB351}.AppStore|iPhone.ActiveCfg = Release|Any CPU
		{CF676F54-06E2-479C-A69B-6F2C45FDB351}.AppStore|iPhone.Build.0 = Release|Any CPU
		{CF676F54-06E2-479C-A69B-6F2C45FDB351}.AppStore|iPhone.Deploy.0 = Release|Any CPU
		{CF676F54-06E2-479C-A69B-6F2C45FDB351}.AppStore|iPhoneSimulator.ActiveCfg = Release|Any CPU
		{CF676F54-06E2-479C-A69B-6F2C45FDB351}.AppStore|iPhoneSimulator.Build.0 = Release|Any CPU
		{CF676F54-06E2-479C-A69B-6F2C45FDB351}.AppStore|iPhoneSimulator.Deploy.0 = Release|Any CPU
		{CF676F54-06E2-479C-A69B-6F2C45FDB351}.AppStore|x64.ActiveCfg = Release|Any CPU
		{CF676F54-06E2-479C-A69B-6F2C45FDB351}.AppStore|x64.Build.0 = Release|Any CPU
		{CF676F54-06E2-479C-A69B-6F2C45FDB351}.AppStore|x64.Deploy.0 = Release|Any CPU
		{CF676F54-06E2-479C-A69B-6F2C45FDB351}.AppStore|x86.ActiveCfg = Release|Any CPU
		{CF676F54-06E2-479C-A69B-6F2C45FDB351}.AppStore|x86.Build.0 = Release|Any CPU
		{CF676F54-06E2-479C-A69B-6F2C45FDB351}.AppStore|x86.Deploy.0 = Release|Any CPU
		{CF676F54-06E2-479C-A69B-6F2C45FDB351}.Debug|Any CPU.ActiveCfg = Debug|Any CPU
		{CF676F54-06E2-479C-A69B-6F2C45FDB351}.Debug|Any CPU.Build.0 = Debug|Any CPU
		{CF676F54-06E2-479C-A69B-6F2C45FDB351}.Debug|Any CPU.Deploy.0 = Debug|Any CPU
		{CF676F54-06E2-479C-A69B-6F2C45FDB351}.Debug|ARM.ActiveCfg = Debug|Any CPU
		{CF676F54-06E2-479C-A69B-6F2C45FDB351}.Debug|ARM.Build.0 = Debug|Any CPU
		{CF676F54-06E2-479C-A69B-6F2C45FDB351}.Debug|ARM.Deploy.0 = Debug|Any CPU
		{CF676F54-06E2-479C-A69B-6F2C45FDB351}.Debug|iPhone.ActiveCfg = Debug|Any CPU
		{CF676F54-06E2-479C-A69B-6F2C45FDB351}.Debug|iPhone.Build.0 = Debug|Any CPU
		{CF676F54-06E2-479C-A69B-6F2C45FDB351}.Debug|iPhone.Deploy.0 = Debug|Any CPU
		{CF676F54-06E2-479C-A69B-6F2C45FDB351}.Debug|iPhoneSimulator.ActiveCfg = Debug|Any CPU
		{CF676F54-06E2-479C-A69B-6F2C45FDB351}.Debug|iPhoneSimulator.Build.0 = Debug|Any CPU
		{CF676F54-06E2-479C-A69B-6F2C45FDB351}.Debug|iPhoneSimulator.Deploy.0 = Debug|Any CPU
		{CF676F54-06E2-479C-A69B-6F2C45FDB351}.Debug|x64.ActiveCfg = Debug|Any CPU
		{CF676F54-06E2-479C-A69B-6F2C45FDB351}.Debug|x64.Build.0 = Debug|Any CPU
		{CF676F54-06E2-479C-A69B-6F2C45FDB351}.Debug|x64.Deploy.0 = Debug|Any CPU
		{CF676F54-06E2-479C-A69B-6F2C45FDB351}.Debug|x86.ActiveCfg = Debug|Any CPU
		{CF676F54-06E2-479C-A69B-6F2C45FDB351}.Debug|x86.Build.0 = Debug|Any CPU
		{CF676F54-06E2-479C-A69B-6F2C45FDB351}.Debug|x86.Deploy.0 = Debug|Any CPU
		{CF676F54-06E2-479C-A69B-6F2C45FDB351}.Release|Any CPU.ActiveCfg = Release|Any CPU
		{CF676F54-06E2-479C-A69B-6F2C45FDB351}.Release|Any CPU.Build.0 = Release|Any CPU
		{CF676F54-06E2-479C-A69B-6F2C45FDB351}.Release|Any CPU.Deploy.0 = Release|Any CPU
		{CF676F54-06E2-479C-A69B-6F2C45FDB351}.Release|ARM.ActiveCfg = Release|Any CPU
		{CF676F54-06E2-479C-A69B-6F2C45FDB351}.Release|ARM.Build.0 = Release|Any CPU
		{CF676F54-06E2-479C-A69B-6F2C45FDB351}.Release|ARM.Deploy.0 = Release|Any CPU
		{CF676F54-06E2-479C-A69B-6F2C45FDB351}.Release|iPhone.ActiveCfg = Release|Any CPU
		{CF676F54-06E2-479C-A69B-6F2C45FDB351}.Release|iPhone.Build.0 = Release|Any CPU
		{CF676F54-06E2-479C-A69B-6F2C45FDB351}.Release|iPhone.Deploy.0 = Release|Any CPU
		{CF676F54-06E2-479C-A69B-6F2C45FDB351}.Release|iPhoneSimulator.ActiveCfg = Release|Any CPU
		{CF676F54-06E2-479C-A69B-6F2C45FDB351}.Release|iPhoneSimulator.Build.0 = Release|Any CPU
		{CF676F54-06E2-479C-A69B-6F2C45FDB351}.Release|iPhoneSimulator.Deploy.0 = Release|Any CPU
		{CF676F54-06E2-479C-A69B-6F2C45FDB351}.Release|x64.ActiveCfg = Release|Any CPU
		{CF676F54-06E2-479C-A69B-6F2C45FDB351}.Release|x64.Build.0 = Release|Any CPU
		{CF676F54-06E2-479C-A69B-6F2C45FDB351}.Release|x64.Deploy.0 = Release|Any CPU
		{CF676F54-06E2-479C-A69B-6F2C45FDB351}.Release|x86.ActiveCfg = Release|Any CPU
		{CF676F54-06E2-479C-A69B-6F2C45FDB351}.Release|x86.Build.0 = Release|Any CPU
		{CF676F54-06E2-479C-A69B-6F2C45FDB351}.Release|x86.Deploy.0 = Release|Any CPU
		{341CB0A1-8A92-4FD3-B9BF-FF7680BE89AA}.Ad-Hoc|Any CPU.ActiveCfg = Release|Any CPU
		{341CB0A1-8A92-4FD3-B9BF-FF7680BE89AA}.Ad-Hoc|Any CPU.Build.0 = Release|Any CPU
		{341CB0A1-8A92-4FD3-B9BF-FF7680BE89AA}.Ad-Hoc|ARM.ActiveCfg = Release|Any CPU
		{341CB0A1-8A92-4FD3-B9BF-FF7680BE89AA}.Ad-Hoc|ARM.Build.0 = Release|Any CPU
		{341CB0A1-8A92-4FD3-B9BF-FF7680BE89AA}.Ad-Hoc|iPhone.ActiveCfg = Release|Any CPU
		{341CB0A1-8A92-4FD3-B9BF-FF7680BE89AA}.Ad-Hoc|iPhone.Build.0 = Release|Any CPU
		{341CB0A1-8A92-4FD3-B9BF-FF7680BE89AA}.Ad-Hoc|iPhoneSimulator.ActiveCfg = Release|Any CPU
		{341CB0A1-8A92-4FD3-B9BF-FF7680BE89AA}.Ad-Hoc|iPhoneSimulator.Build.0 = Release|Any CPU
		{341CB0A1-8A92-4FD3-B9BF-FF7680BE89AA}.Ad-Hoc|x64.ActiveCfg = Release|Any CPU
		{341CB0A1-8A92-4FD3-B9BF-FF7680BE89AA}.Ad-Hoc|x64.Build.0 = Release|Any CPU
		{341CB0A1-8A92-4FD3-B9BF-FF7680BE89AA}.Ad-Hoc|x86.ActiveCfg = Release|Any CPU
		{341CB0A1-8A92-4FD3-B9BF-FF7680BE89AA}.Ad-Hoc|x86.Build.0 = Release|Any CPU
		{341CB0A1-8A92-4FD3-B9BF-FF7680BE89AA}.AppStore|Any CPU.ActiveCfg = Release|Any CPU
		{341CB0A1-8A92-4FD3-B9BF-FF7680BE89AA}.AppStore|Any CPU.Build.0 = Release|Any CPU
		{341CB0A1-8A92-4FD3-B9BF-FF7680BE89AA}.AppStore|ARM.ActiveCfg = Release|Any CPU
		{341CB0A1-8A92-4FD3-B9BF-FF7680BE89AA}.AppStore|ARM.Build.0 = Release|Any CPU
		{341CB0A1-8A92-4FD3-B9BF-FF7680BE89AA}.AppStore|iPhone.ActiveCfg = Release|Any CPU
		{341CB0A1-8A92-4FD3-B9BF-FF7680BE89AA}.AppStore|iPhone.Build.0 = Release|Any CPU
		{341CB0A1-8A92-4FD3-B9BF-FF7680BE89AA}.AppStore|iPhoneSimulator.ActiveCfg = Release|Any CPU
		{341CB0A1-8A92-4FD3-B9BF-FF7680BE89AA}.AppStore|iPhoneSimulator.Build.0 = Release|Any CPU
		{341CB0A1-8A92-4FD3-B9BF-FF7680BE89AA}.AppStore|x64.ActiveCfg = Release|Any CPU
		{341CB0A1-8A92-4FD3-B9BF-FF7680BE89AA}.AppStore|x64.Build.0 = Release|Any CPU
		{341CB0A1-8A92-4FD3-B9BF-FF7680BE89AA}.AppStore|x86.ActiveCfg = Release|Any CPU
		{341CB0A1-8A92-4FD3-B9BF-FF7680BE89AA}.AppStore|x86.Build.0 = Release|Any CPU
		{341CB0A1-8A92-4FD3-B9BF-FF7680BE89AA}.Debug|Any CPU.ActiveCfg = Debug|Any CPU
		{341CB0A1-8A92-4FD3-B9BF-FF7680BE89AA}.Debug|Any CPU.Build.0 = Debug|Any CPU
		{341CB0A1-8A92-4FD3-B9BF-FF7680BE89AA}.Debug|ARM.ActiveCfg = Debug|Any CPU
		{341CB0A1-8A92-4FD3-B9BF-FF7680BE89AA}.Debug|ARM.Build.0 = Debug|Any CPU
		{341CB0A1-8A92-4FD3-B9BF-FF7680BE89AA}.Debug|iPhone.ActiveCfg = Debug|Any CPU
		{341CB0A1-8A92-4FD3-B9BF-FF7680BE89AA}.Debug|iPhone.Build.0 = Debug|Any CPU
		{341CB0A1-8A92-4FD3-B9BF-FF7680BE89AA}.Debug|iPhoneSimulator.ActiveCfg = Debug|Any CPU
		{341CB0A1-8A92-4FD3-B9BF-FF7680BE89AA}.Debug|iPhoneSimulator.Build.0 = Debug|Any CPU
		{341CB0A1-8A92-4FD3-B9BF-FF7680BE89AA}.Debug|x64.ActiveCfg = Debug|Any CPU
		{341CB0A1-8A92-4FD3-B9BF-FF7680BE89AA}.Debug|x64.Build.0 = Debug|Any CPU
		{341CB0A1-8A92-4FD3-B9BF-FF7680BE89AA}.Debug|x86.ActiveCfg = Debug|Any CPU
		{341CB0A1-8A92-4FD3-B9BF-FF7680BE89AA}.Debug|x86.Build.0 = Debug|Any CPU
		{341CB0A1-8A92-4FD3-B9BF-FF7680BE89AA}.Release|Any CPU.ActiveCfg = Release|Any CPU
		{341CB0A1-8A92-4FD3-B9BF-FF7680BE89AA}.Release|Any CPU.Build.0 = Release|Any CPU
		{341CB0A1-8A92-4FD3-B9BF-FF7680BE89AA}.Release|ARM.ActiveCfg = Release|Any CPU
		{341CB0A1-8A92-4FD3-B9BF-FF7680BE89AA}.Release|ARM.Build.0 = Release|Any CPU
		{341CB0A1-8A92-4FD3-B9BF-FF7680BE89AA}.Release|iPhone.ActiveCfg = Release|Any CPU
		{341CB0A1-8A92-4FD3-B9BF-FF7680BE89AA}.Release|iPhone.Build.0 = Release|Any CPU
		{341CB0A1-8A92-4FD3-B9BF-FF7680BE89AA}.Release|iPhoneSimulator.ActiveCfg = Release|Any CPU
		{341CB0A1-8A92-4FD3-B9BF-FF7680BE89AA}.Release|iPhoneSimulator.Build.0 = Release|Any CPU
		{341CB0A1-8A92-4FD3-B9BF-FF7680BE89AA}.Release|x64.ActiveCfg = Release|Any CPU
		{341CB0A1-8A92-4FD3-B9BF-FF7680BE89AA}.Release|x64.Build.0 = Release|Any CPU
		{341CB0A1-8A92-4FD3-B9BF-FF7680BE89AA}.Release|x86.ActiveCfg = Release|Any CPU
		{341CB0A1-8A92-4FD3-B9BF-FF7680BE89AA}.Release|x86.Build.0 = Release|Any CPU
		{E078CF45-3EC8-470D-98CB-41879DE1719A}.Ad-Hoc|Any CPU.ActiveCfg = Release|x86
		{E078CF45-3EC8-470D-98CB-41879DE1719A}.Ad-Hoc|Any CPU.Build.0 = Release|x86
		{E078CF45-3EC8-470D-98CB-41879DE1719A}.Ad-Hoc|Any CPU.Deploy.0 = Release|x86
		{E078CF45-3EC8-470D-98CB-41879DE1719A}.Ad-Hoc|ARM.ActiveCfg = Release|ARM
		{E078CF45-3EC8-470D-98CB-41879DE1719A}.Ad-Hoc|ARM.Build.0 = Release|ARM
		{E078CF45-3EC8-470D-98CB-41879DE1719A}.Ad-Hoc|ARM.Deploy.0 = Release|ARM
		{E078CF45-3EC8-470D-98CB-41879DE1719A}.Ad-Hoc|iPhone.ActiveCfg = Release|x86
		{E078CF45-3EC8-470D-98CB-41879DE1719A}.Ad-Hoc|iPhone.Build.0 = Release|x86
		{E078CF45-3EC8-470D-98CB-41879DE1719A}.Ad-Hoc|iPhone.Deploy.0 = Release|x86
		{E078CF45-3EC8-470D-98CB-41879DE1719A}.Ad-Hoc|iPhoneSimulator.ActiveCfg = Release|x86
		{E078CF45-3EC8-470D-98CB-41879DE1719A}.Ad-Hoc|iPhoneSimulator.Build.0 = Release|x86
		{E078CF45-3EC8-470D-98CB-41879DE1719A}.Ad-Hoc|iPhoneSimulator.Deploy.0 = Release|x86
		{E078CF45-3EC8-470D-98CB-41879DE1719A}.Ad-Hoc|x64.ActiveCfg = Release|x64
		{E078CF45-3EC8-470D-98CB-41879DE1719A}.Ad-Hoc|x64.Build.0 = Release|x64
		{E078CF45-3EC8-470D-98CB-41879DE1719A}.Ad-Hoc|x64.Deploy.0 = Release|x64
		{E078CF45-3EC8-470D-98CB-41879DE1719A}.Ad-Hoc|x86.ActiveCfg = Release|x86
		{E078CF45-3EC8-470D-98CB-41879DE1719A}.Ad-Hoc|x86.Build.0 = Release|x86
		{E078CF45-3EC8-470D-98CB-41879DE1719A}.Ad-Hoc|x86.Deploy.0 = Release|x86
		{E078CF45-3EC8-470D-98CB-41879DE1719A}.AppStore|Any CPU.ActiveCfg = Release|x86
		{E078CF45-3EC8-470D-98CB-41879DE1719A}.AppStore|Any CPU.Build.0 = Release|x86
		{E078CF45-3EC8-470D-98CB-41879DE1719A}.AppStore|Any CPU.Deploy.0 = Release|x86
		{E078CF45-3EC8-470D-98CB-41879DE1719A}.AppStore|ARM.ActiveCfg = Release|ARM
		{E078CF45-3EC8-470D-98CB-41879DE1719A}.AppStore|ARM.Build.0 = Release|ARM
		{E078CF45-3EC8-470D-98CB-41879DE1719A}.AppStore|ARM.Deploy.0 = Release|ARM
		{E078CF45-3EC8-470D-98CB-41879DE1719A}.AppStore|iPhone.ActiveCfg = Release|x86
		{E078CF45-3EC8-470D-98CB-41879DE1719A}.AppStore|iPhone.Build.0 = Release|x86
		{E078CF45-3EC8-470D-98CB-41879DE1719A}.AppStore|iPhone.Deploy.0 = Release|x86
		{E078CF45-3EC8-470D-98CB-41879DE1719A}.AppStore|iPhoneSimulator.ActiveCfg = Release|x86
		{E078CF45-3EC8-470D-98CB-41879DE1719A}.AppStore|iPhoneSimulator.Build.0 = Release|x86
		{E078CF45-3EC8-470D-98CB-41879DE1719A}.AppStore|iPhoneSimulator.Deploy.0 = Release|x86
		{E078CF45-3EC8-470D-98CB-41879DE1719A}.AppStore|x64.ActiveCfg = Release|x64
		{E078CF45-3EC8-470D-98CB-41879DE1719A}.AppStore|x64.Build.0 = Release|x64
		{E078CF45-3EC8-470D-98CB-41879DE1719A}.AppStore|x64.Deploy.0 = Release|x64
		{E078CF45-3EC8-470D-98CB-41879DE1719A}.AppStore|x86.ActiveCfg = Release|x86
		{E078CF45-3EC8-470D-98CB-41879DE1719A}.AppStore|x86.Build.0 = Release|x86
		{E078CF45-3EC8-470D-98CB-41879DE1719A}.AppStore|x86.Deploy.0 = Release|x86
		{E078CF45-3EC8-470D-98CB-41879DE1719A}.Debug|Any CPU.ActiveCfg = Debug|x86
		{E078CF45-3EC8-470D-98CB-41879DE1719A}.Debug|ARM.ActiveCfg = Debug|ARM
		{E078CF45-3EC8-470D-98CB-41879DE1719A}.Debug|ARM.Build.0 = Debug|ARM
		{E078CF45-3EC8-470D-98CB-41879DE1719A}.Debug|ARM.Deploy.0 = Debug|ARM
		{E078CF45-3EC8-470D-98CB-41879DE1719A}.Debug|iPhone.ActiveCfg = Debug|x86
		{E078CF45-3EC8-470D-98CB-41879DE1719A}.Debug|iPhoneSimulator.ActiveCfg = Debug|x86
		{E078CF45-3EC8-470D-98CB-41879DE1719A}.Debug|x64.ActiveCfg = Debug|x64
		{E078CF45-3EC8-470D-98CB-41879DE1719A}.Debug|x64.Build.0 = Debug|x64
		{E078CF45-3EC8-470D-98CB-41879DE1719A}.Debug|x64.Deploy.0 = Debug|x64
		{E078CF45-3EC8-470D-98CB-41879DE1719A}.Debug|x86.ActiveCfg = Debug|x86
		{E078CF45-3EC8-470D-98CB-41879DE1719A}.Debug|x86.Build.0 = Debug|x86
		{E078CF45-3EC8-470D-98CB-41879DE1719A}.Debug|x86.Deploy.0 = Debug|x86
		{E078CF45-3EC8-470D-98CB-41879DE1719A}.Release|Any CPU.ActiveCfg = Release|x86
		{E078CF45-3EC8-470D-98CB-41879DE1719A}.Release|ARM.ActiveCfg = Release|ARM
		{E078CF45-3EC8-470D-98CB-41879DE1719A}.Release|ARM.Build.0 = Release|ARM
		{E078CF45-3EC8-470D-98CB-41879DE1719A}.Release|ARM.Deploy.0 = Release|ARM
		{E078CF45-3EC8-470D-98CB-41879DE1719A}.Release|iPhone.ActiveCfg = Release|x86
		{E078CF45-3EC8-470D-98CB-41879DE1719A}.Release|iPhoneSimulator.ActiveCfg = Release|x86
		{E078CF45-3EC8-470D-98CB-41879DE1719A}.Release|x64.ActiveCfg = Release|x64
		{E078CF45-3EC8-470D-98CB-41879DE1719A}.Release|x64.Build.0 = Release|x64
		{E078CF45-3EC8-470D-98CB-41879DE1719A}.Release|x64.Deploy.0 = Release|x64
		{E078CF45-3EC8-470D-98CB-41879DE1719A}.Release|x86.ActiveCfg = Release|x86
		{E078CF45-3EC8-470D-98CB-41879DE1719A}.Release|x86.Build.0 = Release|x86
		{E078CF45-3EC8-470D-98CB-41879DE1719A}.Release|x86.Deploy.0 = Release|x86
		{3D881D31-009E-4F61-91E9-CDA7AA8AC7B2}.Ad-Hoc|Any CPU.ActiveCfg = Ad-Hoc|iPhoneSimulator
		{3D881D31-009E-4F61-91E9-CDA7AA8AC7B2}.Ad-Hoc|ARM.ActiveCfg = Ad-Hoc|iPhone
		{3D881D31-009E-4F61-91E9-CDA7AA8AC7B2}.Ad-Hoc|iPhone.ActiveCfg = Ad-Hoc|iPhone
		{3D881D31-009E-4F61-91E9-CDA7AA8AC7B2}.Ad-Hoc|iPhone.Build.0 = Ad-Hoc|iPhone
		{3D881D31-009E-4F61-91E9-CDA7AA8AC7B2}.Ad-Hoc|iPhoneSimulator.ActiveCfg = Ad-Hoc|iPhoneSimulator
		{3D881D31-009E-4F61-91E9-CDA7AA8AC7B2}.Ad-Hoc|iPhoneSimulator.Build.0 = Ad-Hoc|iPhoneSimulator
		{3D881D31-009E-4F61-91E9-CDA7AA8AC7B2}.Ad-Hoc|x64.ActiveCfg = Ad-Hoc|iPhone
		{3D881D31-009E-4F61-91E9-CDA7AA8AC7B2}.Ad-Hoc|x86.ActiveCfg = Ad-Hoc|iPhone
		{3D881D31-009E-4F61-91E9-CDA7AA8AC7B2}.AppStore|Any CPU.ActiveCfg = AppStore|iPhoneSimulator
		{3D881D31-009E-4F61-91E9-CDA7AA8AC7B2}.AppStore|ARM.ActiveCfg = AppStore|iPhone
		{3D881D31-009E-4F61-91E9-CDA7AA8AC7B2}.AppStore|iPhone.ActiveCfg = AppStore|iPhone
		{3D881D31-009E-4F61-91E9-CDA7AA8AC7B2}.AppStore|iPhone.Build.0 = AppStore|iPhone
		{3D881D31-009E-4F61-91E9-CDA7AA8AC7B2}.AppStore|iPhoneSimulator.ActiveCfg = AppStore|iPhoneSimulator
		{3D881D31-009E-4F61-91E9-CDA7AA8AC7B2}.AppStore|iPhoneSimulator.Build.0 = AppStore|iPhoneSimulator
		{3D881D31-009E-4F61-91E9-CDA7AA8AC7B2}.AppStore|x64.ActiveCfg = AppStore|iPhone
		{3D881D31-009E-4F61-91E9-CDA7AA8AC7B2}.AppStore|x86.ActiveCfg = AppStore|iPhone
		{3D881D31-009E-4F61-91E9-CDA7AA8AC7B2}.Debug|Any CPU.ActiveCfg = Debug|iPhoneSimulator
		{3D881D31-009E-4F61-91E9-CDA7AA8AC7B2}.Debug|ARM.ActiveCfg = Debug|iPhone
		{3D881D31-009E-4F61-91E9-CDA7AA8AC7B2}.Debug|iPhone.ActiveCfg = Debug|iPhone
		{3D881D31-009E-4F61-91E9-CDA7AA8AC7B2}.Debug|iPhone.Build.0 = Debug|iPhone
		{3D881D31-009E-4F61-91E9-CDA7AA8AC7B2}.Debug|iPhoneSimulator.ActiveCfg = Debug|iPhoneSimulator
		{3D881D31-009E-4F61-91E9-CDA7AA8AC7B2}.Debug|iPhoneSimulator.Build.0 = Debug|iPhoneSimulator
		{3D881D31-009E-4F61-91E9-CDA7AA8AC7B2}.Debug|x64.ActiveCfg = Debug|iPhone
		{3D881D31-009E-4F61-91E9-CDA7AA8AC7B2}.Debug|x86.ActiveCfg = Debug|iPhone
		{3D881D31-009E-4F61-91E9-CDA7AA8AC7B2}.Release|Any CPU.ActiveCfg = Release|iPhoneSimulator
		{3D881D31-009E-4F61-91E9-CDA7AA8AC7B2}.Release|ARM.ActiveCfg = Release|iPhone
		{3D881D31-009E-4F61-91E9-CDA7AA8AC7B2}.Release|iPhone.ActiveCfg = Release|iPhone
		{3D881D31-009E-4F61-91E9-CDA7AA8AC7B2}.Release|iPhone.Build.0 = Release|iPhone
		{3D881D31-009E-4F61-91E9-CDA7AA8AC7B2}.Release|iPhoneSimulator.ActiveCfg = Release|iPhoneSimulator
		{3D881D31-009E-4F61-91E9-CDA7AA8AC7B2}.Release|iPhoneSimulator.Build.0 = Release|iPhoneSimulator
		{3D881D31-009E-4F61-91E9-CDA7AA8AC7B2}.Release|x64.ActiveCfg = Release|iPhone
		{3D881D31-009E-4F61-91E9-CDA7AA8AC7B2}.Release|x86.ActiveCfg = Release|iPhone
	EndGlobalSection
	GlobalSection(SolutionProperties) = preSolution
		HideSolutionNode = FALSE
	EndGlobalSection
	GlobalSection(ExtensibilityGlobals) = postSolution
		SolutionGuid = {9B541DD7-78C4-4890-AF8D-5AAEC4326698}
	EndGlobalSection
EndGlobal
